
Microsoft Visual Studio Solution File, Format Version 12.00
# Visual Studio 15
VisualStudioVersion = 15.0.28307.421
MinimumVisualStudioVersion = 10.0.40219.1
Project("{FAE04EC0-301F-11D3-BF4B-00C04F79EFBC}") = "Asp Car", "Asp Car\Asp Car.csproj", "{68B2C09F-4EEB-44B3-BE33-881D42EA217B}"
EndProject
Global
	GlobalSection(SolutionConfigurationPlatforms) = preSolution
		Debug|Any CPU = Debug|Any CPU
		Release|Any CPU = Release|Any CPU
	EndGlobalSection
	GlobalSection(ProjectConfigurationPlatforms) = postSolution
		{68B2C09F-4EEB-44B3-BE33-881D42EA217B}.Debug|Any CPU.ActiveCfg = Debug|Any CPU
		{68B2C09F-4EEB-44B3-BE33-881D42EA217B}.Debug|Any CPU.Build.0 = Debug|Any CPU
		{68B2C09F-4EEB-44B3-BE33-881D42EA217B}.Release|Any CPU.ActiveCfg = Release|Any CPU
		{68B2C09F-4EEB-44B3-BE33-881D42EA217B}.Release|Any CPU.Build.0 = Release|Any CPU
	EndGlobalSection
	GlobalSection(SolutionProperties) = preSolution
		HideSolutionNode = FALSE
	EndGlobalSection
	GlobalSection(ExtensibilityGlobals) = postSolution
		SolutionGuid = {1640D257-40B0-4D5F-89DC-0DAC5CC0BCAF}
	EndGlobalSection
EndGlobal
